{
  "name": "hello-sqlite",
  "version": "0.0.1",
  "lockfileVersion": 1,
  "requires": true,
  "dependencies": {
    "fastify": {
      "version": "3.29.0",
      "requires": {
        "@fastify/ajv-compiler": "^1.0.0",
        "@fastify/error": "^2.0.0",
        "abstract-logging": "^2.0.0",
        "avvio": "^7.1.2",
        "fast-json-stringify": "^2.5.2",
        "find-my-way": "^4.5.0",
        "flatstr": "^1.0.12",
        "light-my-request": "^4.2.0",
        "pino": "^6.13.0",
        "process-warning": "^1.0.0",
        "proxy-addr": "^2.0.7",
        "rfdc": "^1.1.4",
        "secure-json-parse": "^2.0.0",
        "semver": "^7.3.2",
        "tiny-lru": "^8.0.1"
      }
    },
    "fastify-formbody": {
      "version": "5.3.0",
      "requires": {
        "fastify-formbody-deprecated": "npm:fastify-formbody@5.2.0",
        "process-warning": "^1.0.0"
      }
    },
    "fastify-plugin": {
      "version": "3.0.1",
      "resolved": "https://registry.npmjs.org/fastify-plugin/-/fastify-plugin-3.0.1.tgz",
      "integrity": "sha512-qKcDXmuZadJqdTm6vlCqioEbyewF60b/0LOFCcYN1B6BIZGlYJumWWOYs70SFYLDAH4YqdE1cxH/RKMG7rFxgA=="
    },
    "fastify-session": {
      "version": "5.2.1",
      "resolved": "https://registry.npmjs.org/fastify-session/-/fastify-session-5.2.1.tgz",
      "integrity": "sha512-2ZOLPGPeeBE35HOgYD4/v9c304IGF2ExOh35tuKegrB3QSNB+kKeqqzUXrUJ2h0Vr5nTyvrimtPAPQZG963vOw==",
      "requires": {
        "cookie-signature": "^1.1.0",
        "fastify-plugin": "^3.0.0",
        "uid-safe": "^2.1.5"
      },
      "dependencies": {
        "cookie-signature": {
          "version": "1.2.0",
          "resolved": "https://registry.npmjs.org/cookie-signature/-/cookie-signature-1.2.0.tgz",
          "integrity": "sha512-R0BOPfLGTitaKhgKROKZQN6iyq2iDQcH1DOF8nJoaWapguX5bC2w+Q/I9NmmM5lfcvEarnLZr+cCvmEYYSXvYA=="
        }
      }
    },
    "fastify-static": {
      "version": "4.7.0",
      "requires": {
        "fastify-static-deprecated": "npm:fastify-static@4.6.1",
        "process-warning": "^1.0.0"
      }
    },
    "handlebars": {
      "version": "4.7.7",
      "requires": {
        "minimist": "^1.2.5",
        "neo-async": "^2.6.0",
        "source-map": "^0.6.1",
        "uglify-js": "^3.1.4",
        "wordwrap": "^1.0.0"
      }
    },
    "point-of-view": {
      "version": "5.3.0",
      "requires": {
        "fastify-plugin": "^3.0.0",
        "hashlru": "^2.3.0"
      }
    },
    "random-bytes": {
      "version": "1.0.0",
      "resolved": "https://registry.npmjs.org/random-bytes/-/random-bytes-1.0.0.tgz",
      "integrity": "sha512-iv7LhNVO047HzYR3InF6pUcUsPQiHTM1Qal51DcGSuZFBil1aBBWG5eHPNek7bvILMaYJ/8RU1e8w1AMdHmLQQ=="
    },
    "sqlite": {
      "version": "4.1.1"
    },
    "sqlite3": {
      "version": "5.0.8",
      "requires": {
        "@mapbox/node-pre-gyp": "^1.0.0",
        "node-addon-api": "^4.2.0",
        "node-gyp": "8.x",
        "tar": "^6.1.11"
      }
    },
    "uid-safe": {
      "version": "2.1.5",
      "resolved": "https://registry.npmjs.org/uid-safe/-/uid-safe-2.1.5.tgz",
      "integrity": "sha512-KPHm4VL5dDXKz01UuEd88Df+KzynaohSL9fBh096KWAxSKZQDI2uBrVqtvRM4rwrIrRRKsdLNML/lnaaVSRioA==",
      "requires": {
        "random-bytes": "~1.0.0"
      }
    }
  }
}
